lockfileVersion: '9.0'

settings:
  autoInstallPeers: true
  excludeLinksFromLockfile: false

importers:

  .:
    dependencies:
      '@atproto/api':
        specifier: ^0.15.8
        version: 0.15.8
      '@atproto/oauth-client-browser':
        specifier: ^0.3.17
        version: 0.3.17
      '@types/react':
        specifier: ^19.1.5
        version: 19.1.5
      '@types/react-dom':
        specifier: ^19.1.5
        version: 19.1.5(@types/react@19.1.5)
      esbuild:
        specifier: ^0.25.4
        version: 0.25.4
      react:
        specifier: ^19.1.0
        version: 19.1.0
      react-dom:
        specifier: ^19.1.0
        version: 19.1.0(react@19.1.0)

packages:

  '@atproto-labs/did-resolver@0.1.13':
    resolution: {integrity: sha512-DG3YNaCKc6PAIv1Gsz3E1Kufw2t14OBxe4LdKK7KKLCNoex51hm+A5yMevShe3BSll+QosqWYIEgkPSc5xBoGQ==}

  '@atproto-labs/fetch@0.2.3':
    resolution: {integrity: sha512-NZtbJOCbxKUFRFKMpamT38PUQMY0hX0p7TG5AEYOPhZKZEP7dHZ1K2s1aB8MdVH0qxmqX7nQleNrrvLf09Zfdw==}

  '@atproto-labs/handle-resolver@0.1.8':
    resolution: {integrity: sha512-Y0ckccoCGDo/3g4thPkgp9QcORmc+qqEaCBCYCZYtfLIQp4775u22wd+4fyEyJP4DqoReKacninkICgRGfs3dQ==}

  '@atproto-labs/identity-resolver@0.1.17':
    resolution: {integrity: sha512-EaH9Lm8M85IKRx+oWZ4tppYRVH8u+MYpEz1kjzYeM3ttZ2xcqKVmYHiOIgd5YPCVV2EIfXKnlM4soHQ+rZ1c6A==}

  '@atproto-labs/pipe@0.1.1':
    resolution: {integrity: sha512-hdNw2oUs2B6BN1lp+32pF7cp8EMKuIN5Qok2Vvv/aOpG/3tNSJ9YkvfI0k6Zd188LeDDYRUpYpxcoFIcGH/FNg==}

  '@atproto-labs/simple-store-memory@0.1.3':
    resolution: {integrity: sha512-jkitT9+AtU+0b28DoN92iURLaCt/q/q4yX8q6V+9LSwYlUTqKoj/5NFKvF7x6EBuG+gpUdlcycbH7e60gjOhRQ==}

  '@atproto-labs/simple-store@0.2.0':
    resolution: {integrity: sha512-0bRbAlI8Ayh03wRwncAMEAyUKtZ+AuTS1jgPrfym1WVOAOiottI/ZmgccqLl6w5MbxVcClNQF7WYGKvGwGoIhA==}

  '@atproto/api@0.15.8':
    resolution: {integrity: sha512-PsCgmV4zPjN8VuJMruxqauhn88PuS0b8t2Xsjl4617+bCPpY513jVlxgNH/XExxO7TSVvJM7EzdLY4o3fqh/xQ==}

  '@atproto/common-web@0.4.2':
    resolution: {integrity: sha512-vrXwGNoFGogodjQvJDxAeP3QbGtawgZute2ed1XdRO0wMixLk3qewtikZm06H259QDJVu6voKC5mubml+WgQUw==}

  '@atproto/did@0.1.5':
    resolution: {integrity: sha512-8+1D08QdGE5TF0bB0vV8HLVrVZJeLNITpRTUVEoABNMRaUS7CoYSVb0+JNQDeJIVmqMjOL8dOjvCUDkp3gEaGQ==}

  '@atproto/jwk-jose@0.1.6':
    resolution: {integrity: sha512-r4DGMvvmazy6CxqAcnplpUxvp6Vd8UwKxQBZRpmm1aNsVonf5qj1yeDkECTiwoe/FPbvtdamlzClB3UZc7Yb5w==}

  '@atproto/jwk-webcrypto@0.1.6':
    resolution: {integrity: sha512-mxWHOvlg+HGohldfiaon1fNsr7iDvKrTrkV0/ZvymWRzxsDFPCon1hu8OtKLXUVgLh+IzDJT1D79I4fBSo4pog==}

  '@atproto/jwk@0.1.5':
    resolution: {integrity: sha512-OzZFLhX41TOcMeanP3aZlL5bLeaUIZT15MI4aU5cwflNq/rwpGOpz3uwDjZc8ytgUjuTQ8LabSz5jMmwoTSWFg==}

  '@atproto/lexicon@0.4.11':
    resolution: {integrity: sha512-btefdnvNz2Ao2I+qbmj0F06HC8IlrM/IBz6qOBS50r0S6uDf5tOO+Mv2tSVdimFkdzyDdLtBI1sV36ONxz2cOw==}

  '@atproto/oauth-client-browser@0.3.17':
    resolution: {integrity: sha512-wcO3U3gb/yvhsiDym5WSFEB1JZLuWrgorj4yyR5ZYI69n4kCUdHs3QP1pJx3nWdk2Ov1Xc9/idkw7ERbSf5Gcg==}

  '@atproto/oauth-client@0.3.17':
    resolution: {integrity: sha512-1PBkQEB2BYYbyBkASjfByj1aAFnLgCfoMRaswybCVZ3dQ72aVUDtZJ6kAIus3pRJOcpo3KIsHLfzj+9675+spg==}

  '@atproto/oauth-types@0.2.7':
    resolution: {integrity: sha512-2SlDveiSI0oowC+sfuNd/npV8jw/FhokSS26qyUyldTg1g9ZlhxXUfMP4IZOPeZcVn9EszzQRHs1H9ZJqVQIew==}

  '@atproto/syntax@0.4.0':
    resolution: {integrity: sha512-b9y5ceHS8YKOfP3mdKmwAx5yVj9294UN7FG2XzP6V5aKUdFazEYRnR9m5n5ZQFKa3GNvz7de9guZCJ/sUTcOAA==}

  '@atproto/xrpc@0.7.0':
    resolution: {integrity: sha512-SfhP9dGx2qclaScFDb58Jnrmim5nk4geZXCqg6sB0I/KZhZEkr9iIx1hLCp+sxkIfEsmEJjeWO4B0rjUIJW5cw==}

  '@esbuild/aix-ppc64@0.25.4':
    resolution: {integrity: sha512-1VCICWypeQKhVbE9oW/sJaAmjLxhVqacdkvPLEjwlttjfwENRSClS8EjBz0KzRyFSCPDIkuXW34Je/vk7zdB7Q==}
    engines: {node: '>=18'}
    cpu: [ppc64]
    os: [aix]

  '@esbuild/android-arm64@0.25.4':
    resolution: {integrity: sha512-bBy69pgfhMGtCnwpC/x5QhfxAz/cBgQ9enbtwjf6V9lnPI/hMyT9iWpR1arm0l3kttTr4L0KSLpKmLp/ilKS9A==}
    engines: {node: '>=18'}
    cpu: [arm64]
    os: [android]

  '@esbuild/android-arm@0.25.4':
    resolution: {integrity: sha512-QNdQEps7DfFwE3hXiU4BZeOV68HHzYwGd0Nthhd3uCkkEKK7/R6MTgM0P7H7FAs5pU/DIWsviMmEGxEoxIZ+ZQ==}
    engines: {node: '>=18'}
    cpu: [arm]
    os: [android]

  '@esbuild/android-x64@0.25.4':
    resolution: {integrity: sha512-TVhdVtQIFuVpIIR282btcGC2oGQoSfZfmBdTip2anCaVYcqWlZXGcdcKIUklfX2wj0JklNYgz39OBqh2cqXvcQ==}
    engines: {node: '>=18'}
    cpu: [x64]
    os: [android]

  '@esbuild/darwin-arm64@0.25.4':
    resolution: {integrity: sha512-Y1giCfM4nlHDWEfSckMzeWNdQS31BQGs9/rouw6Ub91tkK79aIMTH3q9xHvzH8d0wDru5Ci0kWB8b3up/nl16g==}
    engines: {node: '>=18'}
    cpu: [arm64]
    os: [darwin]

  '@esbuild/darwin-x64@0.25.4':
    resolution: {integrity: sha512-CJsry8ZGM5VFVeyUYB3cdKpd/H69PYez4eJh1W/t38vzutdjEjtP7hB6eLKBoOdxcAlCtEYHzQ/PJ/oU9I4u0A==}
    engines: {node: '>=18'}
    cpu: [x64]
    os: [darwin]

  '@esbuild/freebsd-arm64@0.25.4':
    resolution: {integrity: sha512-yYq+39NlTRzU2XmoPW4l5Ifpl9fqSk0nAJYM/V/WUGPEFfek1epLHJIkTQM6bBs1swApjO5nWgvr843g6TjxuQ==}
    engines: {node: '>=18'}
    cpu: [arm64]
    os: [freebsd]

  '@esbuild/freebsd-x64@0.25.4':
    resolution: {integrity: sha512-0FgvOJ6UUMflsHSPLzdfDnnBBVoCDtBTVyn/MrWloUNvq/5SFmh13l3dvgRPkDihRxb77Y17MbqbCAa2strMQQ==}
    engines: {node: '>=18'}
    cpu: [x64]
    os: [freebsd]

  '@esbuild/linux-arm64@0.25.4':
    resolution: {integrity: sha512-+89UsQTfXdmjIvZS6nUnOOLoXnkUTB9hR5QAeLrQdzOSWZvNSAXAtcRDHWtqAUtAmv7ZM1WPOOeSxDzzzMogiQ==}
    engines: {node: '>=18'}
    cpu: [arm64]
    os: [linux]

  '@esbuild/linux-arm@0.25.4':
    resolution: {integrity: sha512-kro4c0P85GMfFYqW4TWOpvmF8rFShbWGnrLqlzp4X1TNWjRY3JMYUfDCtOxPKOIY8B0WC8HN51hGP4I4hz4AaQ==}
    engines: {node: '>=18'}
    cpu: [arm]
    os: [linux]

  '@esbuild/linux-ia32@0.25.4':
    resolution: {integrity: sha512-yTEjoapy8UP3rv8dB0ip3AfMpRbyhSN3+hY8mo/i4QXFeDxmiYbEKp3ZRjBKcOP862Ua4b1PDfwlvbuwY7hIGQ==}
    engines: {node: '>=18'}
    cpu: [ia32]
    os: [linux]

  '@esbuild/linux-loong64@0.25.4':
    resolution: {integrity: sha512-NeqqYkrcGzFwi6CGRGNMOjWGGSYOpqwCjS9fvaUlX5s3zwOtn1qwg1s2iE2svBe4Q/YOG1q6875lcAoQK/F4VA==}
    engines: {node: '>=18'}
    cpu: [loong64]
    os: [linux]

  '@esbuild/linux-mips64el@0.25.4':
    resolution: {integrity: sha512-IcvTlF9dtLrfL/M8WgNI/qJYBENP3ekgsHbYUIzEzq5XJzzVEV/fXY9WFPfEEXmu3ck2qJP8LG/p3Q8f7Zc2Xg==}
    engines: {node: '>=18'}
    cpu: [mips64el]
    os: [linux]

  '@esbuild/linux-ppc64@0.25.4':
    resolution: {integrity: sha512-HOy0aLTJTVtoTeGZh4HSXaO6M95qu4k5lJcH4gxv56iaycfz1S8GO/5Jh6X4Y1YiI0h7cRyLi+HixMR+88swag==}
    engines: {node: '>=18'}
    cpu: [ppc64]
    os: [linux]

  '@esbuild/linux-riscv64@0.25.4':
    resolution: {integrity: sha512-i8JUDAufpz9jOzo4yIShCTcXzS07vEgWzyX3NH2G7LEFVgrLEhjwL3ajFE4fZI3I4ZgiM7JH3GQ7ReObROvSUA==}
    engines: {node: '>=18'}
    cpu: [riscv64]
    os: [linux]

  '@esbuild/linux-s390x@0.25.4':
    resolution: {integrity: sha512-jFnu+6UbLlzIjPQpWCNh5QtrcNfMLjgIavnwPQAfoGx4q17ocOU9MsQ2QVvFxwQoWpZT8DvTLooTvmOQXkO51g==}
    engines: {node: '>=18'}
    cpu: [s390x]
    os: [linux]

  '@esbuild/linux-x64@0.25.4':
    resolution: {integrity: sha512-6e0cvXwzOnVWJHq+mskP8DNSrKBr1bULBvnFLpc1KY+d+irZSgZ02TGse5FsafKS5jg2e4pbvK6TPXaF/A6+CA==}
    engines: {node: '>=18'}
    cpu: [x64]
    os: [linux]

  '@esbuild/netbsd-arm64@0.25.4':
    resolution: {integrity: sha512-vUnkBYxZW4hL/ie91hSqaSNjulOnYXE1VSLusnvHg2u3jewJBz3YzB9+oCw8DABeVqZGg94t9tyZFoHma8gWZQ==}
    engines: {node: '>=18'}
    cpu: [arm64]
    os: [netbsd]

  '@esbuild/netbsd-x64@0.25.4':
    resolution: {integrity: sha512-XAg8pIQn5CzhOB8odIcAm42QsOfa98SBeKUdo4xa8OvX8LbMZqEtgeWE9P/Wxt7MlG2QqvjGths+nq48TrUiKw==}
    engines: {node: '>=18'}
    cpu: [x64]
    os: [netbsd]

  '@esbuild/openbsd-arm64@0.25.4':
    resolution: {integrity: sha512-Ct2WcFEANlFDtp1nVAXSNBPDxyU+j7+tId//iHXU2f/lN5AmO4zLyhDcpR5Cz1r08mVxzt3Jpyt4PmXQ1O6+7A==}
    engines: {node: '>=18'}
    cpu: [arm64]
    os: [openbsd]

  '@esbuild/openbsd-x64@0.25.4':
    resolution: {integrity: sha512-xAGGhyOQ9Otm1Xu8NT1ifGLnA6M3sJxZ6ixylb+vIUVzvvd6GOALpwQrYrtlPouMqd/vSbgehz6HaVk4+7Afhw==}
    engines: {node: '>=18'}
    cpu: [x64]
    os: [openbsd]

  '@esbuild/sunos-x64@0.25.4':
    resolution: {integrity: sha512-Mw+tzy4pp6wZEK0+Lwr76pWLjrtjmJyUB23tHKqEDP74R3q95luY/bXqXZeYl4NYlvwOqoRKlInQialgCKy67Q==}
    engines: {node: '>=18'}
    cpu: [x64]
    os: [sunos]

  '@esbuild/win32-arm64@0.25.4':
    resolution: {integrity: sha512-AVUP428VQTSddguz9dO9ngb+E5aScyg7nOeJDrF1HPYu555gmza3bDGMPhmVXL8svDSoqPCsCPjb265yG/kLKQ==}
    engines: {node: '>=18'}
    cpu: [arm64]
    os: [win32]

  '@esbuild/win32-ia32@0.25.4':
    resolution: {integrity: sha512-i1sW+1i+oWvQzSgfRcxxG2k4I9n3O9NRqy8U+uugaT2Dy7kLO9Y7wI72haOahxceMX8hZAzgGou1FhndRldxRg==}
    engines: {node: '>=18'}
    cpu: [ia32]
    os: [win32]

  '@esbuild/win32-x64@0.25.4':
    resolution: {integrity: sha512-nOT2vZNw6hJ+z43oP1SPea/G/6AbN6X+bGNhNuq8NtRHy4wsMhw765IKLNmnjek7GvjWBYQ8Q5VBoYTFg9y1UQ==}
    engines: {node: '>=18'}
    cpu: [x64]
    os: [win32]

  '@types/react-dom@19.1.5':
    resolution: {integrity: sha512-CMCjrWucUBZvohgZxkjd6S9h0nZxXjzus6yDfUb+xLxYM7VvjKNH1tQrE9GWLql1XoOP4/Ds3bwFqShHUYraGg==}
    peerDependencies:
      '@types/react': ^19.0.0

  '@types/react@19.1.5':
    resolution: {integrity: sha512-piErsCVVbpMMT2r7wbawdZsq4xMvIAhQuac2gedQHysu1TZYEigE6pnFfgZT+/jQnrRuF5r+SHzuehFjfRjr4g==}

  await-lock@2.2.2:
    resolution: {integrity: sha512-aDczADvlvTGajTDjcjpJMqRkOF6Qdz3YbPZm/PyW6tKPkx2hlYBzxMhEywM/tU72HrVZjgl5VCdRuMlA7pZ8Gw==}

  csstype@3.1.3:
    resolution: {integrity: sha512-M1uQkMl8rQK/szD0LNhtqxIPLpimGm8sOBwU7lLnCpSbTyY3yeU1Vc7l4KT5zT4s/yOxHH5O7tIuuLOCnLADRw==}

  esbuild@0.25.4:
    resolution: {integrity: sha512-8pgjLUcUjcgDg+2Q4NYXnPbo/vncAY4UmyaCm0jZevERqCHZIaWwdJHkf8XQtu4AxSKCdvrUbT0XUr1IdZzI8Q==}
    engines: {node: '>=18'}
    hasBin: true

  graphemer@1.4.0:
    resolution: {integrity: sha512-EtKwoO6kxCL9WO5xipiHTZlSzBm7WLT627TqC/uVRd0HKmq8NXyebnNYxDoBi7wt8eTWrUrKXCOVaFq9x1kgag==}

  iso-datestring-validator@2.2.2:
    resolution: {integrity: sha512-yLEMkBbLZTlVQqOnQ4FiMujR6T4DEcCb1xizmvXS+OxuhwcbtynoosRzdMA69zZCShCNAbi+gJ71FxZBBXx1SA==}

  jose@5.10.0:
    resolution: {integrity: sha512-s+3Al/p9g32Iq+oqXxkW//7jk2Vig6FF1CFqzVXoTUXt2qz89YWbL+OwS17NFYEvxC35n0FKeGO2LGYSxeM2Gg==}

  lru-cache@10.4.3:
    resolution: {integrity: sha512-JNAzZcXrCt42VGLuYz0zfAzDfAvJWW6AfYlDBQyDV5DClI2m5sAmK+OIO7s59XfsRsWHp02jAJrRadPRGTt6SQ==}

  multiformats@9.9.0:
    resolution: {integrity: sha512-HoMUjhH9T8DDBNT+6xzkrd9ga/XiBI4xLr58LJACwK6G3HTOPeMz4nB4KJs33L2BelrIJa7P0VuNaVF3hMYfjg==}

  react-dom@19.1.0:
    resolution: {integrity: sha512-Xs1hdnE+DyKgeHJeJznQmYMIBG3TKIHJJT95Q58nHLSrElKlGQqDTR2HQ9fx5CN/Gk6Vh/kupBTDLU11/nDk/g==}
    peerDependencies:
      react: ^19.1.0

  react@19.1.0:
    resolution: {integrity: sha512-FS+XFBNvn3GTAWq26joslQgWNoFu08F4kl0J4CgdNKADkdSGXQyTCnKteIAJy96Br6YbpEU1LSzV5dYtjMkMDg==}
    engines: {node: '>=0.10.0'}

  scheduler@0.26.0:
    resolution: {integrity: sha512-NlHwttCI/l5gCPR3D1nNXtWABUmBwvZpEQiD4IXSbIDq8BzLIK/7Ir5gTFSGZDUu37K5cMNp0hFtzO38sC7gWA==}

  tlds@1.259.0:
    resolution: {integrity: sha512-AldGGlDP0PNgwppe2quAvuBl18UcjuNtOnDuUkqhd6ipPqrYYBt3aTxK1QTsBVknk97lS2JcafWMghjGWFtunw==}
    hasBin: true

  uint8arrays@3.0.0:
    resolution: {integrity: sha512-HRCx0q6O9Bfbp+HHSfQQKD7wU70+lydKVt4EghkdOvlK/NlrF90z+eXV34mUd48rNvVJXwkrMSPpCATkct8fJA==}

  zod@3.25.20:
    resolution: {integrity: sha512-z03fqpTMDF1G02VLKUMt6vyACE7rNWkh3gpXVHgPTw28NPtDFRGvcpTtPwn2kMKtQ0idtYJUTxchytmnqYswcw==}

snapshots:

  '@atproto-labs/did-resolver@0.1.13':
    dependencies:
      '@atproto-labs/fetch': 0.2.3
      '@atproto-labs/pipe': 0.1.1
      '@atproto-labs/simple-store': 0.2.0
      '@atproto-labs/simple-store-memory': 0.1.3
      '@atproto/did': 0.1.5
      zod: 3.25.20

  '@atproto-labs/fetch@0.2.3':
    dependencies:
      '@atproto-labs/pipe': 0.1.1

  '@atproto-labs/handle-resolver@0.1.8':
    dependencies:
      '@atproto-labs/simple-store': 0.2.0
      '@atproto-labs/simple-store-memory': 0.1.3
      '@atproto/did': 0.1.5
      zod: 3.25.20

  '@atproto-labs/identity-resolver@0.1.17':
    dependencies:
      '@atproto-labs/did-resolver': 0.1.13
      '@atproto-labs/handle-resolver': 0.1.8
      '@atproto/syntax': 0.4.0

  '@atproto-labs/pipe@0.1.1': {}

  '@atproto-labs/simple-store-memory@0.1.3':
    dependencies:
      '@atproto-labs/simple-store': 0.2.0
      lru-cache: 10.4.3

  '@atproto-labs/simple-store@0.2.0': {}

  '@atproto/api@0.15.8':
    dependencies:
      '@atproto/common-web': 0.4.2
      '@atproto/lexicon': 0.4.11
      '@atproto/syntax': 0.4.0
      '@atproto/xrpc': 0.7.0
      await-lock: 2.2.2
      multiformats: 9.9.0
      tlds: 1.259.0
      zod: 3.25.20

  '@atproto/common-web@0.4.2':
    dependencies:
      graphemer: 1.4.0
      multiformats: 9.9.0
      uint8arrays: 3.0.0
      zod: 3.25.20

  '@atproto/did@0.1.5':
    dependencies:
      zod: 3.25.20

  '@atproto/jwk-jose@0.1.6':
    dependencies:
      '@atproto/jwk': 0.1.5
      jose: 5.10.0

  '@atproto/jwk-webcrypto@0.1.6':
    dependencies:
      '@atproto/jwk': 0.1.5
      '@atproto/jwk-jose': 0.1.6
      zod: 3.25.20

  '@atproto/jwk@0.1.5':
    dependencies:
      multiformats: 9.9.0
      zod: 3.25.20

  '@atproto/lexicon@0.4.11':
    dependencies:
      '@atproto/common-web': 0.4.2
      '@atproto/syntax': 0.4.0
      iso-datestring-validator: 2.2.2
      multiformats: 9.9.0
      zod: 3.25.20

  '@atproto/oauth-client-browser@0.3.17':
    dependencies:
      '@atproto-labs/did-resolver': 0.1.13
      '@atproto-labs/handle-resolver': 0.1.8
      '@atproto-labs/simple-store': 0.2.0
      '@atproto/did': 0.1.5
      '@atproto/jwk': 0.1.5
      '@atproto/jwk-webcrypto': 0.1.6
      '@atproto/oauth-client': 0.3.17
      '@atproto/oauth-types': 0.2.7

  '@atproto/oauth-client@0.3.17':
    dependencies:
      '@atproto-labs/did-resolver': 0.1.13
      '@atproto-labs/fetch': 0.2.3
      '@atproto-labs/handle-resolver': 0.1.8
      '@atproto-labs/identity-resolver': 0.1.17
      '@atproto-labs/simple-store': 0.2.0
      '@atproto-labs/simple-store-memory': 0.1.3
      '@atproto/did': 0.1.5
      '@atproto/jwk': 0.1.5
      '@atproto/oauth-types': 0.2.7
      '@atproto/xrpc': 0.7.0
      multiformats: 9.9.0
      zod: 3.25.20

  '@atproto/oauth-types@0.2.7':
    dependencies:
      '@atproto/jwk': 0.1.5
      zod: 3.25.20

  '@atproto/syntax@0.4.0': {}

  '@atproto/xrpc@0.7.0':
    dependencies:
      '@atproto/lexicon': 0.4.11
      zod: 3.25.20

  '@esbuild/aix-ppc64@0.25.4':
    optional: true

  '@esbuild/android-arm64@0.25.4':
    optional: true

  '@esbuild/android-arm@0.25.4':
    optional: true

  '@esbuild/android-x64@0.25.4':
    optional: true

  '@esbuild/darwin-arm64@0.25.4':
    optional: true

  '@esbuild/darwin-x64@0.25.4':
    optional: true

  '@esbuild/freebsd-arm64@0.25.4':
    optional: true

  '@esbuild/freebsd-x64@0.25.4':
    optional: true

  '@esbuild/linux-arm64@0.25.4':
    optional: true

  '@esbuild/linux-arm@0.25.4':
    optional: true

  '@esbuild/linux-ia32@0.25.4':
    optional: true

  '@esbuild/linux-loong64@0.25.4':
    optional: true

  '@esbuild/linux-mips64el@0.25.4':
    optional: true

  '@esbuild/linux-ppc64@0.25.4':
    optional: true

  '@esbuild/linux-riscv64@0.25.4':
    optional: true

  '@esbuild/linux-s390x@0.25.4':
    optional: true

  '@esbuild/linux-x64@0.25.4':
    optional: true

  '@esbuild/netbsd-arm64@0.25.4':
    optional: true

  '@esbuild/netbsd-x64@0.25.4':
    optional: true

  '@esbuild/openbsd-arm64@0.25.4':
    optional: true

  '@esbuild/openbsd-x64@0.25.4':
    optional: true

  '@esbuild/sunos-x64@0.25.4':
    optional: true

  '@esbuild/win32-arm64@0.25.4':
    optional: true

  '@esbuild/win32-ia32@0.25.4':
    optional: true

  '@esbuild/win32-x64@0.25.4':
    optional: true

  '@types/react-dom@19.1.5(@types/react@19.1.5)':
    dependencies:
      '@types/react': 19.1.5

  '@types/react@19.1.5':
    dependencies:
      csstype: 3.1.3

  await-lock@2.2.2: {}

  csstype@3.1.3: {}

  esbuild@0.25.4:
    optionalDependencies:
      '@esbuild/aix-ppc64': 0.25.4
      '@esbuild/android-arm': 0.25.4
      '@esbuild/android-arm64': 0.25.4
      '@esbuild/android-x64': 0.25.4
      '@esbuild/darwin-arm64': 0.25.4
      '@esbuild/darwin-x64': 0.25.4
      '@esbuild/freebsd-arm64': 0.25.4
      '@esbuild/freebsd-x64': 0.25.4
      '@esbuild/linux-arm': 0.25.4
      '@esbuild/linux-arm64': 0.25.4
      '@esbuild/linux-ia32': 0.25.4
      '@esbuild/linux-loong64': 0.25.4
      '@esbuild/linux-mips64el': 0.25.4
      '@esbuild/linux-ppc64': 0.25.4
      '@esbuild/linux-riscv64': 0.25.4
      '@esbuild/linux-s390x': 0.25.4
      '@esbuild/linux-x64': 0.25.4
      '@esbuild/netbsd-arm64': 0.25.4
      '@esbuild/netbsd-x64': 0.25.4
      '@esbuild/openbsd-arm64': 0.25.4
      '@esbuild/openbsd-x64': 0.25.4
      '@esbuild/sunos-x64': 0.25.4
      '@esbuild/win32-arm64': 0.25.4
      '@esbuild/win32-ia32': 0.25.4
      '@esbuild/win32-x64': 0.25.4

  graphemer@1.4.0: {}

  iso-datestring-validator@2.2.2: {}

  jose@5.10.0: {}

  lru-cache@10.4.3: {}

  multiformats@9.9.0: {}

  react-dom@19.1.0(react@19.1.0):
    dependencies:
      react: 19.1.0
      scheduler: 0.26.0

  react@19.1.0: {}

  scheduler@0.26.0: {}

  tlds@1.259.0: {}

  uint8arrays@3.0.0:
    dependencies:
      multiformats: 9.9.0

  zod@3.25.20: {}
